Microsoft Visual Studio Solution File, Format Version 12.00
# Visual Studio Version 17
VisualStudioVersion = 17.5.2.0
MinimumVisualStudioVersion = 10.0.40219.1
Project("{FAE04EC0-301F-11D3-BF4B-00C04F79EFBC}") = "GeoFleet.API", "GeoFleet.API\GeoFleet.API.csproj", "{5A3FBA5B-6834-8F03-0F90-1D77BFA23B8E}"
EndProject
Global
	GlobalSection(SolutionConfigurationPlatforms) = preSolution
		Debug|Any CPU = Debug|Any CPU
		Release|Any CPU = Release|Any CPU
	EndGlobalSection
	GlobalSection(ProjectConfigurationPlatforms) = postSolution
		{5A3FBA5B-6834-8F03-0F90-1D77BFA23B8E}.Debug|Any CPU.ActiveCfg = Debug|Any CPU
		{5A3FBA5B-6834-8F03-0F90-1D77BFA23B8E}.Debug|Any CPU.Build.0 = Debug|Any CPU
		{5A3FBA5B-6834-8F03-0F90-1D77BFA23B8E}.Release|Any CPU.ActiveCfg = Release|Any CPU
		{5A3FBA5B-6834-8F03-0F90-1D77BFA23B8E}.Release|Any CPU.Build.0 = Release|Any CPU
	EndGlobalSection
	GlobalSection(SolutionProperties) = preSolution
		HideSolutionNode = FALSE
	EndGlobalSection
	GlobalSection(ExtensibilityGlobals) = postSolution
		SolutionGuid = {703D6D8F-F582-4F86-84E8-8788E40A323A}
	EndGlobalSection
EndGlobal
